
Microsoft Visual Studio Solution File, Format Version 12.00
# Visual Studio Version 16
VisualStudioVersion = 16.0.30225.117
MinimumVisualStudioVersion = 10.0.40219.1
Project("{FAE04EC0-301F-11D3-BF4B-00C04F79EFBC}") = "DataAnalizer", "DataAnalizer\DataAnalizer.csproj", "{16A100D1-3725-49DF-A118-E51C2E8C140B}"
EndProject
Global
	GlobalSection(SolutionConfigurationPlatforms) = preSolution
		Debug|Any CPU = Debug|Any CPU
		Release|Any CPU = Release|Any CPU
	EndGlobalSection
	GlobalSection(ProjectConfigurationPlatforms) = postSolution
		{16A100D1-3725-49DF-A118-E51C2E8C140B}.Debug|Any CPU.ActiveCfg = Debug|Any CPU
		{16A100D1-3725-49DF-A118-E51C2E8C140B}.Debug|Any CPU.Build.0 = Debug|Any CPU
		{16A100D1-3725-49DF-A118-E51C2E8C140B}.Release|Any CPU.ActiveCfg = Release|Any CPU
		{16A100D1-3725-49DF-A118-E51C2E8C140B}.Release|Any CPU.Build.0 = Release|Any CPU
	EndGlobalSection
	GlobalSection(SolutionProperties) = preSolution
		HideSolutionNode = FALSE
	EndGlobalSection
	GlobalSection(ExtensibilityGlobals) = postSolution
		SolutionGuid = {CB74832B-C58E-4C28-9443-3CF72CFA69BF}
	EndGlobalSection
EndGlobal
